// !$*UTF8*$!
{
	archiveVersion = 1;
	classes = {
	};
	objectVersion = 56;
	objects = {

/* Begin PBXBuildFile section */
		DC661B6C2C7A3B3D0039F6CC /* TimeUtils.swift in Sources */ = {isa = PBXBuildFile; fileRef = DC661B6B2C7A3B3D0039F6CC /* TimeUtils.swift */; };
		DC661B6E2C7B2D6F0039F6CC /* AppDelegate.swift in Sources */ = {isa = PBXBuildFile; fileRef = DC661B6D2C7B2D6F0039F6CC /* AppDelegate.swift */; };
		DC661B702C7B326E0039F6CC /* StatusBarViewModel.swift in Sources */ = {isa = PBXBuildFile; fileRef = DC661B6F2C7B326E0039F6CC /* StatusBarViewModel.swift */; };
		DC661B722C7B334A0039F6CC /* PrayerTimeCache.swift in Sources */ = {isa = PBXBuildFile; fileRef = DC661B712C7B334A0039F6CC /* PrayerTimeCache.swift */; };
		DC661B742C8261250039F6CC /* SettingsView.swift in Sources */ = {isa = PBXBuildFile; fileRef = DC661B732C8261250039F6CC /* SettingsView.swift */; };
		DC661B782CBF23940039F6CC /* Contents.json in Resources */ = {isa = PBXBuildFile; fileRef = DC661B772CBF23940039F6CC /* Contents.json */; };
		DCA22F482BA87A8200330EA2 /* EzanApp.swift in Sources */ = {isa = PBXBuildFile; fileRef = DCA22F472BA87A8200330EA2 /* EzanApp.swift */; };
		DCA22F4A2BA87A8200330EA2 /* ContentView.swift in Sources */ = {isa = PBXBuildFile; fileRef = DCA22F492BA87A8200330EA2 /* ContentView.swift */; };
		DCA22F4C2BA87A8300330EA2 /* Assets.xcassets in Resources */ = {isa = PBXBuildFile; fileRef = DCA22F4B2BA87A8300330EA2 /* Assets.xcassets */; };
		DCB52E452BA9B14D00EB66BD /* PrayerTimeCalculator.swift in Sources */ = {isa = PBXBuildFile; fileRef = DCB52E442BA9B14D00EB66BD /* PrayerTimeCalculator.swift */; };
		DCEB61302BDFCBEE00437E00 /* PrayerTimeAPI.swift in Sources */ = {isa = PBXBuildFile; fileRef = DCEB612F2BDFCBEE00437E00 /* PrayerTimeAPI.swift */; };
/* End PBXBuildFile section */

/* Begin PBXContainerItemProxy section */
		DCA22F562BA87A8300330EA2 /* PBXContainerItemProxy */ = {
			isa = PBXContainerItemProxy;
			containerPortal = DCA22F3C2BA87A8200330EA2 /* Project object */;
			proxyType = 1;
			remoteGlobalIDString = DCA22F432BA87A8200330EA2;
			remoteInfo = AdhanTime;
		};
		DCA22F602BA87A8300330EA2 /* PBXContainerItemProxy */ = {
			isa = PBXContainerItemProxy;
			containerPortal = DCA22F3C2BA87A8200330EA2 /* Project object */;
			proxyType = 1;
			remoteGlobalIDString = DCA22F432BA87A8200330EA2;
			remoteInfo = AdhanTime;
		};
/* End PBXContainerItemProxy section */

/* Begin PBXFileReference section */
		DC661B6B2C7A3B3D0039F6CC /* TimeUtils.swift */ = {isa = PBXFileReference; lastKnownFileType = sourcecode.swift; path = TimeUtils.swift; sourceTree = "<group>"; };
		DC661B6D2C7B2D6F0039F6CC /* AppDelegate.swift */ = {isa = PBXFileReference; lastKnownFileType = sourcecode.swift; path = AppDelegate.swift; sourceTree = "<group>"; };
		DC661B6F2C7B326E0039F6CC /* StatusBarViewModel.swift */ = {isa = PBXFileReference; lastKnownFileType = sourcecode.swift; path = StatusBarViewModel.swift; sourceTree = "<group>"; };
		DC661B712C7B334A0039F6CC /* PrayerTimeCache.swift */ = {isa = PBXFileReference; lastKnownFileType = sourcecode.swift; path = PrayerTimeCache.swift; sourceTree = "<group>"; };
		DC661B732C8261250039F6CC /* SettingsView.swift */ = {isa = PBXFileReference; lastKnownFileType = sourcecode.swift; path = SettingsView.swift; sourceTree = "<group>"; };
		DC661B772CBF23940039F6CC /* Contents.json */ = {isa = PBXFileReference; lastKnownFileType = text.json; path = Contents.json; sourceTree = "<group>"; };
		DCA22F442BA87A8200330EA2 /* Ezan.app */ = {isa = PBXFileReference; explicitFileType = wrapper.application; includeInIndex = 0; path = Ezan.app; sourceTree = BUILT_PRODUCTS_DIR; };
		DCA22F472BA87A8200330EA2 /* EzanApp.swift */ = {isa = PBXFileReference; lastKnownFileType = sourcecode.swift; path = EzanApp.swift; sourceTree = "<group>"; };
		DCA22F492BA87A8200330EA2 /* ContentView.swift */ = {isa = PBXFileReference; lastKnownFileType = sourcecode.swift; path = ContentView.swift; sourceTree = "<group>"; };
		DCA22F4B2BA87A8300330EA2 /* Assets.xcassets */ = {isa = PBXFileReference; lastKnownFileType = folder.assetcatalog; path = Assets.xcassets; sourceTree = "<group>"; };
		DCA22F502BA87A8300330EA2 /* Ezan.entitlements */ = {isa = PBXFileReference; lastKnownFileType = text.plist.entitlements; path = Ezan.entitlements; sourceTree = "<group>"; };
		DCA22F552BA87A8300330EA2 /* EzanTests.xctest */ = {isa = PBXFileReference; explicitFileType = wrapper.cfbundle; includeInIndex = 0; path = EzanTests.xctest; sourceTree = BUILT_PRODUCTS_DIR; };
		DCA22F5F2BA87A8300330EA2 /* EzanUITests.xctest */ = {isa = PBXFileReference; explicitFileType = wrapper.cfbundle; includeInIndex = 0; path = EzanUITests.xctest; sourceTree = BUILT_PRODUCTS_DIR; };
		DCB52E442BA9B14D00EB66BD /* PrayerTimeCalculator.swift */ = {isa = PBXFileReference; lastKnownFileType = sourcecode.swift; path = PrayerTimeCalculator.swift; sourceTree = "<group>"; };
		DCEB612F2BDFCBEE00437E00 /* PrayerTimeAPI.swift */ = {isa = PBXFileReference; lastKnownFileType = sourcecode.swift; path = PrayerTimeAPI.swift; sourceTree = "<group>"; };
/* End PBXFileReference section */

/* Begin PBXFrameworksBuildPhase section */
		DCA22F412BA87A8200330EA2 /* Frameworks */ = {
			isa = PBXFrameworksBuildPhase;
			buildActionMask = 2147483647;
			files = (
			);
			runOnlyForDeploymentPostprocessing = 0;
		};
		DCA22F522BA87A8300330EA2 /* Frameworks */ = {
			isa = PBXFrameworksBuildPhase;
			buildActionMask = 2147483647;
			files = (
			);
			runOnlyForDeploymentPostprocessing = 0;
		};
		DCA22F5C2BA87A8300330EA2 /* Frameworks */ = {
			isa = PBXFrameworksBuildPhase;
			buildActionMask = 2147483647;
			files = (
			);
			runOnlyForDeploymentPostprocessing = 0;
		};
/* End PBXFrameworksBuildPhase section */

/* Begin PBXGroup section */
		DC661B752CBF22D00039F6CC /* Preview Content */ = {
			isa = PBXGroup;
			children = (
				DC661B762CBF231B0039F6CC /* Preview Assets.xcassets */,
			);
			path = "Preview Content";
			sourceTree = "<group>";
		};
		DC661B762CBF231B0039F6CC /* Preview Assets.xcassets */ = {
			isa = PBXGroup;
			children = (
				DC661B772CBF23940039F6CC /* Contents.json */,
			);
			path = "Preview Assets.xcassets";
			sourceTree = "<group>";
		};
		DCA22F3B2BA87A8200330EA2 = {
			isa = PBXGroup;
			children = (
				DCA22F462BA87A8200330EA2 /* Ezan */,
				DCA22F452BA87A8200330EA2 /* Products */,
			);
			sourceTree = "<group>";
		};
		DCA22F452BA87A8200330EA2 /* Products */ = {
			isa = PBXGroup;
			children = (
				DCA22F442BA87A8200330EA2 /* Ezan.app */,
				DCA22F552BA87A8300330EA2 /* EzanTests.xctest */,
				DCA22F5F2BA87A8300330EA2 /* EzanUITests.xctest */,
			);
			name = Products;
			sourceTree = "<group>";
		};
		DCA22F462BA87A8200330EA2 /* Ezan */ = {
			isa = PBXGroup;
			children = (
				DC661B752CBF22D00039F6CC /* Preview Content */,
				DCA22F472BA87A8200330EA2 /* EzanApp.swift */,
				DC661B6D2C7B2D6F0039F6CC /* AppDelegate.swift */,
				DC661B6F2C7B326E0039F6CC /* StatusBarViewModel.swift */,
				DCA22F492BA87A8200330EA2 /* ContentView.swift */,
				DCB52E442BA9B14D00EB66BD /* PrayerTimeCalculator.swift */,
				DCEB612F2BDFCBEE00437E00 /* PrayerTimeAPI.swift */,
				DCA22F4B2BA87A8300330EA2 /* Assets.xcassets */,
				DCA22F502BA87A8300330EA2 /* Ezan.entitlements */,
				DC661B6B2C7A3B3D0039F6CC /* TimeUtils.swift */,
				DC661B712C7B334A0039F6CC /* PrayerTimeCache.swift */,
				DC661B732C8261250039F6CC /* SettingsView.swift */,
			);
			path = Ezan;
			sourceTree = "<group>";
		};
/* End PBXGroup section */

/* Begin PBXNativeTarget section */
		DCA22F432BA87A8200330EA2 /* Ezan */ = {
			isa = PBXNativeTarget;
			buildConfigurationList = DCA22F692BA87A8300330EA2 /* Build configuration list for PBXNativeTarget "Ezan" */;
			buildPhases = (
				DCA22F402BA87A8200330EA2 /* Sources */,
				DCA22F412BA87A8200330EA2 /* Frameworks */,
				DCA22F422BA87A8200330EA2 /* Resources */,
			);
			buildRules = (
			);
			dependencies = (
			);
			name = Ezan;
			productName = AdhanTime;
			productReference = DCA22F442BA87A8200330EA2 /* Ezan.app */;
			productType = "com.apple.product-type.application";
		};
		DCA22F542BA87A8300330EA2 /* EzanTests */ = {
			isa = PBXNativeTarget;
			buildConfigurationList = DCA22F6C2BA87A8300330EA2 /* Build configuration list for PBXNativeTarget "EzanTests" */;
			buildPhases = (
				DCA22F512BA87A8300330EA2 /* Sources */,
				DCA22F522BA87A8300330EA2 /* Frameworks */,
				DCA22F532BA87A8300330EA2 /* Resources */,
			);
			buildRules = (
			);
			dependencies = (
				DCA22F572BA87A8300330EA2 /* PBXTargetDependency */,
			);
			name = EzanTests;
			productName = AdhanTimeTests;
			productReference = DCA22F552BA87A8300330EA2 /* EzanTests.xctest */;
			productType = "com.apple.product-type.bundle.unit-test";
		};
		DCA22F5E2BA87A8300330EA2 /* EzanUITests */ = {
			isa = PBXNativeTarget;
			buildConfigurationList = DCA22F6F2BA87A8300330EA2 /* Build configuration list for PBXNativeTarget "EzanUITests" */;
			buildPhases = (
				DCA22F5B2BA87A8300330EA2 /* Sources */,
				DCA22F5C2BA87A8300330EA2 /* Frameworks */,
				DCA22F5D2BA87A8300330EA2 /* Resources */,
			);
			buildRules = (
			);
			dependencies = (
				DCA22F612BA87A8300330EA2 /* PBXTargetDependency */,
			);
			name = EzanUITests;
			productName = AdhanTimeUITests;
			productReference = DCA22F5F2BA87A8300330EA2 /* EzanUITests.xctest */;
			productType = "com.apple.product-type.bundle.ui-testing";
		};
/* End PBXNativeTarget section */

/* Begin PBXProject section */
		DCA22F3C2BA87A8200330EA2 /* Project object */ = {
			isa = PBXProject;
			attributes = {
				BuildIndependentTargetsInParallel = 1;
				LastSwiftUpdateCheck = 1530;
				LastUpgradeCheck = 1530;
				TargetAttributes = {
					DCA22F432BA87A8200330EA2 = {
						CreatedOnToolsVersion = 15.3;
					};
					DCA22F542BA87A8300330EA2 = {
						CreatedOnToolsVersion = 15.3;
						TestTargetID = DCA22F432BA87A8200330EA2;
					};
					DCA22F5E2BA87A8300330EA2 = {
						CreatedOnToolsVersion = 15.3;
						TestTargetID = DCA22F432BA87A8200330EA2;
					};
				};
			};
			buildConfigurationList = DCA22F3F2BA87A8200330EA2 /* Build configuration list for PBXProject "Ezan" */;
			compatibilityVersion = "Xcode 14.0";
			developmentRegion = en;
			hasScannedForEncodings = 0;
			knownRegions = (
				en,
				Base,
			);
			mainGroup = DCA22F3B2BA87A8200330EA2;
			productRefGroup = DCA22F452BA87A8200330EA2 /* Products */;
			projectDirPath = "";
			projectRoot = "";
			targets = (
				DCA22F432BA87A8200330EA2 /* Ezan */,
				DCA22F542BA87A8300330EA2 /* EzanTests */,
				DCA22F5E2BA87A8300330EA2 /* EzanUITests */,
			);
		};
/* End PBXProject section */

/* Begin PBXResourcesBuildPhase section */
		DCA22F422BA87A8200330EA2 /* Resources */ = {
			isa = PBXResourcesBuildPhase;
			buildActionMask = 2147483647;
			files = (
				DCA22F4C2BA87A8300330EA2 /* Assets.xcassets in Resources */,
				DC661B782CBF23940039F6CC /* Contents.json in Resources */,
			);
			runOnlyForDeploymentPostprocessing = 0;
		};
		DCA22F532BA87A8300330EA2 /* Resources */ = {
			isa = PBXResourcesBuildPhase;
			buildActionMask = 2147483647;
			files = (
			);
			runOnlyForDeploymentPostprocessing = 0;
		};
		DCA22F5D2BA87A8300330EA2 /* Resources */ = {
			isa = PBXResourcesBuildPhase;
			buildActionMask = 2147483647;
			files = (
			);
			runOnlyForDeploymentPostprocessing = 0;
		};
/* End PBXResourcesBuildPhase section */

/* Begin PBXSourcesBuildPhase section */
		DCA22F402BA87A8200330EA2 /* Sources */ = {
			isa = PBXSourcesBuildPhase;
			buildActionMask = 2147483647;
			files = (
				DC661B6E2C7B2D6F0039F6CC /* AppDelegate.swift in Sources */,
				DC661B702C7B326E0039F6CC /* StatusBarViewModel.swift in Sources */,
				DCA22F4A2BA87A8200330EA2 /* ContentView.swift in Sources */,
				DC661B742C8261250039F6CC /* SettingsView.swift in Sources */,
				DCA22F482BA87A8200330EA2 /* EzanApp.swift in Sources */,
				DCEB61302BDFCBEE00437E00 /* PrayerTimeAPI.swift in Sources */,
				DCB52E452BA9B14D00EB66BD /* PrayerTimeCalculator.swift in Sources */,
				DC661B722C7B334A0039F6CC /* PrayerTimeCache.swift in Sources */,
				DC661B6C2C7A3B3D0039F6CC /* TimeUtils.swift in Sources */,
			);
			runOnlyForDeploymentPostprocessing = 0;
		};
		DCA22F512BA87A8300330EA2 /* Sources */ = {
			isa = PBXSourcesBuildPhase;
			buildActionMask = 2147483647;
			files = (
			);
			runOnlyForDeploymentPostprocessing = 0;
		};
		DCA22F5B2BA87A8300330EA2 /* Sources */ = {
			isa = PBXSourcesBuildPhase;
			buildActionMask = 2147483647;
			files = (
			);
			runOnlyForDeploymentPostprocessing = 0;
		};
/* End PBXSourcesBuildPhase section */

/* Begin PBXTargetDependency section */
		DCA22F572BA87A8300330EA2 /* PBXTargetDependency */ = {
			isa = PBXTargetDependency;
			target = DCA22F432BA87A8200330EA2 /* Ezan */;
			targetProxy = DCA22F562BA87A8300330EA2 /* PBXContainerItemProxy */;
		};
		DCA22F612BA87A8300330EA2 /* PBXTargetDependency */ = {
			isa = PBXTargetDependency;
			target = DCA22F432BA87A8200330EA2 /* Ezan */;
			targetProxy = DCA22F602BA87A8300330EA2 /* PBXContainerItemProxy */;
		};
/* End PBXTargetDependency section */

/* Begin XCBuildConfiguration section */
		DCA22F672BA87A8300330EA2 /* Debug */ = {
			isa = XCBuildConfiguration;
			buildSettings = {
				ALWAYS_SEARCH_USER_PATHS = NO;
				ASSETCATALOG_COMPILER_GENERATE_SWIFT_ASSET_SYMBOL_EXTENSIONS = YES;
				CLANG_ANALYZER_NONNULL = YES;
				CLANG_ANALYZER_NUMBER_OBJECT_CONVERSION = YES_AGGRESSIVE;
				CLANG_CXX_LANGUAGE_STANDARD = "gnu++20";
				CLANG_ENABLE_MODULES = YES;
				CLANG_ENABLE_OBJC_ARC = YES;
				CLANG_ENABLE_OBJC_WEAK = YES;
				CLANG_WARN_BLOCK_CAPTURE_AUTORELEASING = YES;
				CLANG_WARN_BOOL_CONVERSION = YES;
				CLANG_WARN_COMMA = YES;
				CLANG_WARN_CONSTANT_CONVERSION = YES;
				CLANG_WARN_DEPRECATED_OBJC_IMPLEMENTATIONS = YES;
				CLANG_WARN_DIRECT_OBJC_ISA_USAGE = YES_ERROR;
				CLANG_WARN_DOCUMENTATION_COMMENTS = YES;
				CLANG_WARN_EMPTY_BODY = YES;
				CLANG_WARN_ENUM_CONVERSION = YES;
				CLANG_WARN_INFINITE_RECURSION = YES;
				CLANG_WARN_INT_CONVERSION = YES;
				CLANG_WARN_NON_LITERAL_NULL_CONVERSION = YES;
				CLANG_WARN_OBJC_IMPLICIT_RETAIN_SELF = YES;
				CLANG_WARN_OBJC_LITERAL_CONVERSION = YES;
				CLANG_WARN_OBJC_ROOT_CLASS = YES_ERROR;
				CLANG_WARN_QUOTED_INCLUDE_IN_FRAMEWORK_HEADER = YES;
				CLANG_WARN_RANGE_LOOP_ANALYSIS = YES;
				CLANG_WARN_STRICT_PROTOTYPES = YES;
				CLANG_WARN_SUSPICIOUS_MOVE = YES;
				CLANG_WARN_UNGUARDED_AVAILABILITY = YES_AGGRESSIVE;
				CLANG_WARN_UNREACHABLE_CODE = YES;
				CLANG_WARN__DUPLICATE_METHOD_MATCH = YES;
				COPY_PHASE_STRIP = NO;
				DEBUG_INFORMATION_FORMAT = dwarf;
				ENABLE_STRICT_OBJC_MSGSEND = YES;
				ENABLE_TESTABILITY = YES;
				ENABLE_USER_SCRIPT_SANDBOXING = YES;
				GCC_C_LANGUAGE_STANDARD = gnu17;
				GCC_DYNAMIC_NO_PIC = NO;
				GCC_NO_COMMON_BLOCKS = YES;
				GCC_OPTIMIZATION_LEVEL = 0;
				GCC_PREPROCESSOR_DEFINITIONS = (
					"DEBUG=1",
					"$(inherited)",
				);
				GCC_WARN_64_TO_32_BIT_CONVERSION = YES;
				GCC_WARN_ABOUT_RETURN_TYPE = YES_ERROR;
				GCC_WARN_UNDECLARED_SELECTOR = YES;
				GCC_WARN_UNINITIALIZED_AUTOS = YES_AGGRESSIVE;
				GCC_WARN_UNUSED_FUNCTION = YES;
				GCC_WARN_UNUSED_VARIABLE = YES;
				LOCALIZATION_PREFERS_STRING_CATALOGS = YES;
				MACOSX_DEPLOYMENT_TARGET = 14.4;
				MTL_ENABLE_DEBUG_INFO = INCLUDE_SOURCE;
				MTL_FAST_MATH = YES;
				ONLY_ACTIVE_ARCH = YES;
				SDKROOT = macosx;
				SWIFT_ACTIVE_COMPILATION_CONDITIONS = "DEBUG $(inherited)";
				SWIFT_OPTIMIZATION_LEVEL = "-Onone";
			};
			name = Debug;
		};
		DCA22F682BA87A8300330EA2 /* Release */ = {
			isa = XCBuildConfiguration;
			buildSettings = {
				ALWAYS_SEARCH_USER_PATHS = NO;
				ASSETCATALOG_COMPILER_GENERATE_SWIFT_ASSET_SYMBOL_EXTENSIONS = YES;
				CLANG_ANALYZER_NONNULL = YES;
				CLANG_ANALYZER_NUMBER_OBJECT_CONVERSION = YES_AGGRESSIVE;
				CLANG_CXX_LANGUAGE_STANDARD = "gnu++20";
				CLANG_ENABLE_MODULES = YES;
				CLANG_ENABLE_OBJC_ARC = YES;
				CLANG_ENABLE_OBJC_WEAK = YES;
				CLANG_WARN_BLOCK_CAPTURE_AUTORELEASING = YES;
				CLANG_WARN_BOOL_CONVERSION = YES;
				CLANG_WARN_COMMA = YES;
				CLANG_WARN_CONSTANT_CONVERSION = YES;
				CLANG_WARN_DEPRECATED_OBJC_IMPLEMENTATIONS = YES;
				CLANG_WARN_DIRECT_OBJC_ISA_USAGE = YES_ERROR;
				CLANG_WARN_DOCUMENTATION_COMMENTS = YES;
				CLANG_WARN_EMPTY_BODY = YES;
				CLANG_WARN_ENUM_CONVERSION = YES;
				CLANG_WARN_INFINITE_RECURSION = YES;
				CLANG_WARN_INT_CONVERSION = YES;
				CLANG_WARN_NON_LITERAL_NULL_CONVERSION = YES;
				CLANG_WARN_OBJC_IMPLICIT_RETAIN_SELF = YES;
				CLANG_WARN_OBJC_LITERAL_CONVERSION = YES;
				CLANG_WARN_OBJC_ROOT_CLASS = YES_ERROR;
				CLANG_WARN_QUOTED_INCLUDE_IN_FRAMEWORK_HEADER = YES;
				CLANG_WARN_RANGE_LOOP_ANALYSIS = YES;
				CLANG_WARN_STRICT_PROTOTYPES = YES;
				CLANG_WARN_SUSPICIOUS_MOVE = YES;
				CLANG_WARN_UNGUARDED_AVAILABILITY = YES_AGGRESSIVE;
				CLANG_WARN_UNREACHABLE_CODE = YES;
				CLANG_WARN__DUPLICATE_METHOD_MATCH = YES;
				COPY_PHASE_STRIP = NO;
				DEBUG_INFORMATION_FORMAT = "dwarf-with-dsym";
				ENABLE_NS_ASSERTIONS = NO;
				ENABLE_STRICT_OBJC_MSGSEND = YES;
				ENABLE_USER_SCRIPT_SANDBOXING = YES;
				GCC_C_LANGUAGE_STANDARD = gnu17;
				GCC_NO_COMMON_BLOCKS = YES;
				GCC_WARN_64_TO_32_BIT_CONVERSION = YES;
				GCC_WARN_ABOUT_RETURN_TYPE = YES_ERROR;
				GCC_WARN_UNDECLARED_SELECTOR = YES;
				GCC_WARN_UNINITIALIZED_AUTOS = YES_AGGRESSIVE;
				GCC_WARN_UNUSED_FUNCTION = YES;
				GCC_WARN_UNUSED_VARIABLE = YES;
				LOCALIZATION_PREFERS_STRING_CATALOGS = YES;
				MACOSX_DEPLOYMENT_TARGET = 14.4;
				MTL_ENABLE_DEBUG_INFO = NO;
				MTL_FAST_MATH = YES;
				SDKROOT = macosx;
				SWIFT_COMPILATION_MODE = wholemodule;
			};
			name = Release;
		};
		DCA22F6A2BA87A8300330EA2 /* Debug */ = {
			isa = XCBuildConfiguration;
			buildSettings = {
				ASSETCATALOG_COMPILER_APPICON_NAME = AppIcon;
				ASSETCATALOG_COMPILER_GLOBAL_ACCENT_COLOR_NAME = AccentColor;
				CODE_SIGN_ENTITLEMENTS = Ezan/Ezan.entitlements;
				CODE_SIGN_STYLE = Automatic;
				COMBINE_HIDPI_IMAGES = YES;
				CURRENT_PROJECT_VERSION = 1;
				DEVELOPMENT_ASSET_PATHS = "\"Ezan/Preview Content\"";
				ENABLE_PREVIEWS = YES;
				GENERATE_INFOPLIST_FILE = YES;
				INFOPLIST_KEY_LSUIElement = YES;
				INFOPLIST_KEY_NSHumanReadableCopyright = "";
				LD_RUNPATH_SEARCH_PATHS = (
					"$(inherited)",
					"@executable_path/../Frameworks",
				);
				MARKETING_VERSION = 1.0;
				PRODUCT_BUNDLE_IDENTIFIER = com.raifagovic.Ezan;
				PRODUCT_NAME = "$(TARGET_NAME)";
				SWIFT_EMIT_LOC_STRINGS = YES;
				SWIFT_VERSION = 5.0;
			};
			name = Debug;
		};
		DCA22F6B2BA87A8300330EA2 /* Release */ = {
			isa = XCBuildConfiguration;
			buildSettings = {
				ASSETCATALOG_COMPILER_APPICON_NAME = AppIcon;
				ASSETCATALOG_COMPILER_GLOBAL_ACCENT_COLOR_NAME = AccentColor;
				CODE_SIGN_ENTITLEMENTS = Ezan/Ezan.entitlements;
				CODE_SIGN_STYLE = Automatic;
				COMBINE_HIDPI_IMAGES = YES;
				CURRENT_PROJECT_VERSION = 1;
				DEVELOPMENT_ASSET_PATHS = "\"Ezan/Preview Content\"";
				ENABLE_PREVIEWS = YES;
				GENERATE_INFOPLIST_FILE = YES;
				INFOPLIST_KEY_LSUIElement = YES;
				INFOPLIST_KEY_NSHumanReadableCopyright = "";
				LD_RUNPATH_SEARCH_PATHS = (
					"$(inherited)",
					"@executable_path/../Frameworks",
				);
				MARKETING_VERSION = 1.0;
				PRODUCT_BUNDLE_IDENTIFIER = com.raifagovic.Ezan;
				PRODUCT_NAME = "$(TARGET_NAME)";
				SWIFT_EMIT_LOC_STRINGS = YES;
				SWIFT_VERSION = 5.0;
			};
			name = Release;
		};
		DCA22F6D2BA87A8300330EA2 /* Debug */ = {
			isa = XCBuildConfiguration;
			buildSettings = {
				ALWAYS_EMBED_SWIFT_STANDARD_LIBRARIES = YES;
				BUNDLE_LOADER = "$(TEST_HOST)";
				CODE_SIGN_STYLE = Automatic;
				CURRENT_PROJECT_VERSION = 1;
				GENERATE_INFOPLIST_FILE = YES;
				MACOSX_DEPLOYMENT_TARGET = 14.4;
				MARKETING_VERSION = 1.0;
				PRODUCT_BUNDLE_IDENTIFIER = com.raifagovic.AdhanTimeTests;
				PRODUCT_NAME = "$(TARGET_NAME)";
				SWIFT_EMIT_LOC_STRINGS = NO;
				SWIFT_VERSION = 5.0;
				TEST_HOST = "$(BUILT_PRODUCTS_DIR)/Ezan.app/$(BUNDLE_EXECUTABLE_FOLDER_PATH)/Ezan";
			};
			name = Debug;
		};
		DCA22F6E2BA87A8300330EA2 /* Release */ = {
			isa = XCBuildConfiguration;
			buildSettings = {
				ALWAYS_EMBED_SWIFT_STANDARD_LIBRARIES = YES;
				BUNDLE_LOADER = "$(TEST_HOST)";
				CODE_SIGN_STYLE = Automatic;
				CURRENT_PROJECT_VERSION = 1;
				GENERATE_INFOPLIST_FILE = YES;
				MACOSX_DEPLOYMENT_TARGET = 14.4;
				MARKETING_VERSION = 1.0;
				PRODUCT_BUNDLE_IDENTIFIER = com.raifagovic.AdhanTimeTests;
				PRODUCT_NAME = "$(TARGET_NAME)";
				SWIFT_EMIT_LOC_STRINGS = NO;
				SWIFT_VERSION = 5.0;
				TEST_HOST = "$(BUILT_PRODUCTS_DIR)/Ezan.app/$(BUNDLE_EXECUTABLE_FOLDER_PATH)/Ezan";
			};
			name = Release;
		};
		DCA22F702BA87A8300330EA2 /* Debug */ = {
			isa = XCBuildConfiguration;
			buildSettings = {
				ALWAYS_EMBED_SWIFT_STANDARD_LIBRARIES = YES;
				CODE_SIGN_STYLE = Automatic;
				CURRENT_PROJECT_VERSION = 1;
				GENERATE_INFOPLIST_FILE = YES;
				MARKETING_VERSION = 1.0;
				PRODUCT_BUNDLE_IDENTIFIER = com.raifagovic.AdhanTimeUITests;
				PRODUCT_NAME = "$(TARGET_NAME)";
				SWIFT_EMIT_LOC_STRINGS = NO;
				SWIFT_VERSION = 5.0;
				TEST_TARGET_NAME = AdhanTime;
			};
			name = Debug;
		};
		DCA22F712BA87A8300330EA2 /* Release */ = {
			isa = XCBuildConfiguration;
			buildSettings = {
				ALWAYS_EMBED_SWIFT_STANDARD_LIBRARIES = YES;
				CODE_SIGN_STYLE = Automatic;
				CURRENT_PROJECT_VERSION = 1;
				GENERATE_INFOPLIST_FILE = YES;
				MARKETING_VERSION = 1.0;
				PRODUCT_BUNDLE_IDENTIFIER = com.raifagovic.AdhanTimeUITests;
				PRODUCT_NAME = "$(TARGET_NAME)";
				SWIFT_EMIT_LOC_STRINGS = NO;
				SWIFT_VERSION = 5.0;
				TEST_TARGET_NAME = AdhanTime;
			};
			name = Release;
		};
/* End XCBuildConfiguration section */

/* Begin XCConfigurationList section */
		DCA22F3F2BA87A8200330EA2 /* Build configuration list for PBXProject "Ezan" */ = {
			isa = XCConfigurationList;
			buildConfigurations = (
				DCA22F672BA87A8300330EA2 /* Debug */,
				DCA22F682BA87A8300330EA2 /* Release */,
			);
			defaultConfigurationIsVisible = 0;
			defaultConfigurationName = Release;
		};
		DCA22F692BA87A8300330EA2 /* Build configuration list for PBXNativeTarget "Ezan" */ = {
			isa = XCConfigurationList;
			buildConfigurations = (
				DCA22F6A2BA87A8300330EA2 /* Debug */,
				DCA22F6B2BA87A8300330EA2 /* Release */,
			);
			defaultConfigurationIsVisible = 0;
			defaultConfigurationName = Release;
		};
		DCA22F6C2BA87A8300330EA2 /* Build configuration list for PBXNativeTarget "EzanTests" */ = {
			isa = XCConfigurationList;
			buildConfigurations = (
				DCA22F6D2BA87A8300330EA2 /* Debug */,
				DCA22F6E2BA87A8300330EA2 /* Release */,
			);
			defaultConfigurationIsVisible = 0;
			defaultConfigurationName = Release;
		};
		DCA22F6F2BA87A8300330EA2 /* Build configuration list for PBXNativeTarget "EzanUITests" */ = {
			isa = XCConfigurationList;
			buildConfigurations = (
				DCA22F702BA87A8300330EA2 /* Debug */,
				DCA22F712BA87A8300330EA2 /* Release */,
			);
			defaultConfigurationIsVisible = 0;
			defaultConfigurationName = Release;
		};
/* End XCConfigurationList section */
	};
	rootObject = DCA22F3C2BA87A8200330EA2 /* Project object */;
}
